
Microsoft Visual Studio Solution File, Format Version 12.00
# Visual Studio 15
VisualStudioVersion = 15.0.26730.8
MinimumVisualStudioVersion = 10.0.40219.1
Project("{FAE04EC0-301F-11D3-BF4B-00C04F79EFBC}") = "Management", "Management\Management.csproj", "{E2E4A37D-EBA1-4ED6-B67C-58E37A8FE3A4}"
EndProject
Project("{FAE04EC0-301F-11D3-BF4B-00C04F79EFBC}") = "Corlib", "Corlib\Corlib.csproj", "{DD6030D6-64D2-427D-989F-7B4EF0B08B8E}"
EndProject
Project("{FAE04EC0-301F-11D3-BF4B-00C04F79EFBC}") = "AccessControl", "AccessControl\AccessControl.csproj", "{9EF45B2D-E629-4E72-8F0B-E7DBE1B6AFA2}"
EndProject
Global
	GlobalSection(SolutionConfigurationPlatforms) = preSolution
		Debug|Any CPU = Debug|Any CPU
		Release|Any CPU = Release|Any CPU
	EndGlobalSection
	GlobalSection(ProjectConfigurationPlatforms) = postSolution
		{E2E4A37D-EBA1-4ED6-B67C-58E37A8FE3A4}.Debug|Any CPU.ActiveCfg = Debug|Any CPU
		{E2E4A37D-EBA1-4ED6-B67C-58E37A8FE3A4}.Debug|Any CPU.Build.0 = Debug|Any CPU
		{E2E4A37D-EBA1-4ED6-B67C-58E37A8FE3A4}.Release|Any CPU.ActiveCfg = Release|Any CPU
		{E2E4A37D-EBA1-4ED6-B67C-58E37A8FE3A4}.Release|Any CPU.Build.0 = Release|Any CPU
		{DD6030D6-64D2-427D-989F-7B4EF0B08B8E}.Debug|Any CPU.ActiveCfg = Debug|Any CPU
		{DD6030D6-64D2-427D-989F-7B4EF0B08B8E}.Debug|Any CPU.Build.0 = Debug|Any CPU
		{DD6030D6-64D2-427D-989F-7B4EF0B08B8E}.Release|Any CPU.ActiveCfg = Release|Any CPU
		{DD6030D6-64D2-427D-989F-7B4EF0B08B8E}.Release|Any CPU.Build.0 = Release|Any CPU
		{9EF45B2D-E629-4E72-8F0B-E7DBE1B6AFA2}.Debug|Any CPU.ActiveCfg = Debug|Any CPU
		{9EF45B2D-E629-4E72-8F0B-E7DBE1B6AFA2}.Debug|Any CPU.Build.0 = Debug|Any CPU
		{9EF45B2D-E629-4E72-8F0B-E7DBE1B6AFA2}.Release|Any CPU.ActiveCfg = Release|Any CPU
		{9EF45B2D-E629-4E72-8F0B-E7DBE1B6AFA2}.Release|Any CPU.Build.0 = Release|Any CPU
	EndGlobalSection
	GlobalSection(SolutionProperties) = preSolution
		HideSolutionNode = FALSE
	EndGlobalSection
	GlobalSection(ExtensibilityGlobals) = postSolution
		SolutionGuid = {7B2C633F-F8DA-4B93-BAA9-3B5C87847FAB}
	EndGlobalSection
EndGlobal
